{
  "name": "@octocloud/validators",
  "version": "1.0.0",
  "lockfileVersion": 3,
  "requires": true,
  "packages": {
    "": {
      "name": "@octocloud/validators",
      "version": "1.0.0",
      "devDependencies": {
        "@biomejs/biome": "2.1.0",
        "lefthook": "1.10.9"
      }
    },
    "node_modules/@biomejs/biome": {
      "version": "2.1.0",
      "resolved": "https://registry.npmjs.org/@biomejs/biome/-/biome-2.1.0.tgz",
      "integrity": "sha512-K2UDr1dCiaOWegp4yQLMC4Evgl85ze1O7r+WxPeO7cNl0XrIcTshvdQGMDB23c/2afXz6RsOKYfWLErNbBbjmA==",
      "dev": true,
      "license": "MIT OR Apache-2.0",
      "bin": {
        "biome": "bin/biome"
      },
      "engines": {
        "node": ">=14.21.3"
      },
      "funding": {
        "type": "opencollective",
        "url": "https://opencollective.com/biome"
      },
      "optionalDependencies": {
        "@biomejs/cli-darwin-arm64": "2.1.0",
        "@biomejs/cli-darwin-x64": "2.1.0",
        "@biomejs/cli-linux-arm64": "2.1.0",
        "@biomejs/cli-linux-arm64-musl": "2.1.0",
        "@biomejs/cli-linux-x64": "2.1.0",
        "@biomejs/cli-linux-x64-musl": "2.1.0",
        "@biomejs/cli-win32-arm64": "2.1.0",
        "@biomejs/cli-win32-x64": "2.1.0"
      }
    },
    "node_modules/@biomejs/cli-darwin-arm64": {
      "version": "2.1.0",
      "resolved": "https://registry.npmjs.org/@biomejs/cli-darwin-arm64/-/cli-darwin-arm64-2.1.0.tgz",
      "integrity": "sha512-RDXEUGSCvUx3PKWRt95WRtwH+l01slm7r2zaotDwWERn/RITMcdet21rI5q5cYhL4XJiAvLHG8qyLNSXqIOCwQ==",
      "cpu": [
        "arm64"
      ],
      "dev": true,
      "license": "MIT OR Apache-2.0",
      "optional": true,
      "os": [
        "darwin"
      ],
      "engines": {
        "node": ">=14.21.3"
      }
    },
    "node_modules/@biomejs/cli-darwin-x64": {
      "version": "2.1.0",
      "resolved": "https://registry.npmjs.org/@biomejs/cli-darwin-x64/-/cli-darwin-x64-2.1.0.tgz",
      "integrity": "sha512-epLFRbMjYS/Cu9Kc5gM3wzUExsKj2Z0oxIiuxlI4ZterIqm19yvTOtJoqSec8gjUXOTNvPVoEIfSSXg37yepow==",
      "cpu": [
        "x64"
      ],
      "dev": true,
      "license": "MIT OR Apache-2.0",
      "optional": true,
      "os": [
        "darwin"
      ],
      "engines": {
        "node": ">=14.21.3"
      }
    },
    "node_modules/@biomejs/cli-linux-arm64": {
      "version": "2.1.0",
      "resolved": "https://registry.npmjs.org/@biomejs/cli-linux-arm64/-/cli-linux-arm64-2.1.0.tgz",
      "integrity": "sha512-HZys1/TeIH5lagwtf9yKSO+gtA+cYMJW22ckDGuKt2xIvPu7VqgTNjJtTdRcetXe0+benlMMo+KFs3xL2b/2QA==",
      "cpu": [
        "arm64"
      ],
      "dev": true,
      "license": "MIT OR Apache-2.0",
      "optional": true,
      "os": [
        "linux"
      ],
      "engines": {
        "node": ">=14.21.3"
      }
    },
    "node_modules/@biomejs/cli-linux-arm64-musl": {
      "version": "2.1.0",
      "resolved": "https://registry.npmjs.org/@biomejs/cli-linux-arm64-musl/-/cli-linux-arm64-musl-2.1.0.tgz",
      "integrity": "sha512-J7z6s/M50wt5lhSkivAs2GJHPhiah3hkdg1LipM6wlK6cVC3YeIA/X6pgWBfjEwyfsFlpc3nRM+pQ17DI8FpDQ==",
      "cpu": [
        "arm64"
      ],
      "dev": true,
      "license": "MIT OR Apache-2.0",
      "optional": true,
      "os": [
        "linux"
      ],
      "engines": {
        "node": ">=14.21.3"
      }
    },
    "node_modules/@biomejs/cli-linux-x64": {
      "version": "2.1.0",
      "resolved": "https://registry.npmjs.org/@biomejs/cli-linux-x64/-/cli-linux-x64-2.1.0.tgz",
      "integrity": "sha512-nAVAP1ov/zcXMhNq3WCbYZmlU/YTF3ZT+LeXR1CEJnDgunPC/Srp7j1LWlrIx6wxNOCDOFow8fmyfC7c/BKLig==",
      "cpu": [
        "x64"
      ],
      "dev": true,
      "license": "MIT OR Apache-2.0",
      "optional": true,
      "os": [
        "linux"
      ],
      "engines": {
        "node": ">=14.21.3"
      }
    },
    "node_modules/@biomejs/cli-linux-x64-musl": {
      "version": "2.1.0",
      "resolved": "https://registry.npmjs.org/@biomejs/cli-linux-x64-musl/-/cli-linux-x64-musl-2.1.0.tgz",
      "integrity": "sha512-uj8felYcBeXh32kznnKrAQoZ9pLqta/6qvwLJ4AZtUmY6cSUUa5c+VLnFtxMfuhvps/M4D55VGnwSINOEblPQg==",
      "cpu": [
        "x64"
      ],
      "dev": true,
      "license": "MIT OR Apache-2.0",
      "optional": true,
      "os": [
        "linux"
      ],
      "engines": {
        "node": ">=14.21.3"
      }
    },
    "node_modules/@biomejs/cli-win32-arm64": {
      "version": "2.1.0",
      "resolved": "https://registry.npmjs.org/@biomejs/cli-win32-arm64/-/cli-win32-arm64-2.1.0.tgz",
      "integrity": "sha512-eGGqGs+8Q34n1zp/rEadFRKjzwFszpZ2+p6B1Dmi7dn1DNEYhNXoRWLcjyca+ZSTrdV7COx0scyjgF9Tg73kBw==",
      "cpu": [
        "arm64"
      ],
      "dev": true,
      "license": "MIT OR Apache-2.0",
      "optional": true,
      "os": [
        "win32"
      ],
      "engines": {
        "node": ">=14.21.3"
      }
    },
    "node_modules/@biomejs/cli-win32-x64": {
      "version": "2.1.0",
      "resolved": "https://registry.npmjs.org/@biomejs/cli-win32-x64/-/cli-win32-x64-2.1.0.tgz",
      "integrity": "sha512-pkp6jucyvE8DJSXXwSKs+Mxx1KXkMJ2d8GbBu4Lf0nAQHl40TZjjp1RuNEo9Z7NNXPQzbLACDtK6/vDalO2WRg==",
      "cpu": [
        "x64"
      ],
      "dev": true,
      "license": "MIT OR Apache-2.0",
      "optional": true,
      "os": [
        "win32"
      ],
      "engines": {
        "node": ">=14.21.3"
      }
    },
    "node_modules/lefthook": {
      "version": "1.10.9",
      "resolved": "https://registry.npmjs.org/lefthook/-/lefthook-1.10.9.tgz",
      "integrity": "sha512-UNgvdOMxINultvtDQ0XgqMomMIeI2dyJM5hgOaqpC47SJvVPOy1Mk5i7QnFtfDK/bdB2pKaA61KxrIx6rCmL/w==",
      "dev": true,
      "hasInstallScript": true,
      "license": "MIT",
      "bin": {
        "lefthook": "bin/index.js"
      },
      "optionalDependencies": {
        "lefthook-darwin-arm64": "1.10.9",
        "lefthook-darwin-x64": "1.10.9",
        "lefthook-freebsd-arm64": "1.10.9",
        "lefthook-freebsd-x64": "1.10.9",
        "lefthook-linux-arm64": "1.10.9",
        "lefthook-linux-x64": "1.10.9",
        "lefthook-openbsd-arm64": "1.10.9",
        "lefthook-openbsd-x64": "1.10.9",
        "lefthook-windows-arm64": "1.10.9",
        "lefthook-windows-x64": "1.10.9"
      }
    },
    "node_modules/lefthook-darwin-arm64": {
      "version": "1.10.9",
      "resolved": "https://registry.npmjs.org/lefthook-darwin-arm64/-/lefthook-darwin-arm64-1.10.9.tgz",
      "integrity": "sha512-2ceuIUkwTcTncaYH/Y2bw2m3kuNkd+vqaJXQuSh0DAa0TRS9HmEQEV0CtLUlTp5tLg6PPHdTHnu2AhKAjfHhyw==",
      "cpu": [
        "arm64"
      ],
      "dev": true,
      "license": "MIT",
      "optional": true,
      "os": [
        "darwin"
      ]
    },
    "node_modules/lefthook-darwin-x64": {
      "version": "1.10.9",
      "resolved": "https://registry.npmjs.org/lefthook-darwin-x64/-/lefthook-darwin-x64-1.10.9.tgz",
      "integrity": "sha512-eAUbFtEj5TtYsm533uvQQSJTc8SLhgGRyRCUa+hmFtKQROaiw2buqc5ZOTBuegC8iAl7cHT1ydN2oakE+FLfVg==",
      "cpu": [
        "x64"
      ],
      "dev": true,
      "license": "MIT",
      "optional": true,
      "os": [
        "darwin"
      ]
    },
    "node_modules/lefthook-freebsd-arm64": {
      "version": "1.10.9",
      "resolved": "https://registry.npmjs.org/lefthook-freebsd-arm64/-/lefthook-freebsd-arm64-1.10.9.tgz",
      "integrity": "sha512-A6ZFPg/9eXgs75SojFeZfMMfMgqB0fgVdtOl0mxrQXXqxTxFWD5wCGPPJIc/Pbzaaz66ZOYZt/36+MyMdgjWJQ==",
      "cpu": [
        "arm64"
      ],
      "dev": true,
      "license": "MIT",
      "optional": true,
      "os": [
        "freebsd"
      ]
    },
    "node_modules/lefthook-freebsd-x64": {
      "version": "1.10.9",
      "resolved": "https://registry.npmjs.org/lefthook-freebsd-x64/-/lefthook-freebsd-x64-1.10.9.tgz",
      "integrity": "sha512-PF3Jjm9JHFnY41yM9wljK0y8xE/sx/sRNtNZWJzlOqC5YFUrNNBejPz5kU40mpBWd8yOclXxqBOeeZqDH64+dQ==",
      "cpu": [
        "x64"
      ],
      "dev": true,
      "license": "MIT",
      "optional": true,
      "os": [
        "freebsd"
      ]
    },
    "node_modules/lefthook-linux-arm64": {
      "version": "1.10.9",
      "resolved": "https://registry.npmjs.org/lefthook-linux-arm64/-/lefthook-linux-arm64-1.10.9.tgz",
      "integrity": "sha512-Es4y3cxUtSBAF9nPkDXWC7+/tScPeRu3GVeeupv3+iMZkVACfM1DCIrK4iG9Syh7y2TLWAj6ThFArqeiRjFeog==",
      "cpu": [
        "arm64"
      ],
      "dev": true,
      "license": "MIT",
      "optional": true,
      "os": [
        "linux"
      ]
    },
    "node_modules/lefthook-linux-x64": {
      "version": "1.10.9",
      "resolved": "https://registry.npmjs.org/lefthook-linux-x64/-/lefthook-linux-x64-1.10.9.tgz",
      "integrity": "sha512-OSlcltu2MRrLY1bWwqm4MvNOvTskUonmzTR8Bu7dy8O+80YPjPSnowLeYzfxXd8RI1w2nkwL3XKVuoDiJ3nVUw==",
      "cpu": [
        "x64"
      ],
      "dev": true,
      "license": "MIT",
      "optional": true,
      "os": [
        "linux"
      ]
    },
    "node_modules/lefthook-openbsd-arm64": {
      "version": "1.10.9",
      "resolved": "https://registry.npmjs.org/lefthook-openbsd-arm64/-/lefthook-openbsd-arm64-1.10.9.tgz",
      "integrity": "sha512-wmdWGRmTK8ii4KAvAj5AhTK0EWh65vdcBt1ndsd7qXG08cStevCpsZ/cOLDVWBjjaqYkVpVsYkJNf5dwuXp21w==",
      "cpu": [
        "arm64"
      ],
      "dev": true,
      "license": "MIT",
      "optional": true,
      "os": [
        "openbsd"
      ]
    },
    "node_modules/lefthook-openbsd-x64": {
      "version": "1.10.9",
      "resolved": "https://registry.npmjs.org/lefthook-openbsd-x64/-/lefthook-openbsd-x64-1.10.9.tgz",
      "integrity": "sha512-LLkPdy2+TIdCOGReqsODo46SmQpBjPB00gRftA1doA6ZaPzqk87moGrOmlsaLx1SkYKxctBYZc9j9MxCo2GVCg==",
      "cpu": [
        "x64"
      ],
      "dev": true,
      "license": "MIT",
      "optional": true,
      "os": [
        "openbsd"
      ]
    },
    "node_modules/lefthook-windows-arm64": {
      "version": "1.10.9",
      "resolved": "https://registry.npmjs.org/lefthook-windows-arm64/-/lefthook-windows-arm64-1.10.9.tgz",
      "integrity": "sha512-Q9e3pbDjQyguXW810M1lerpcpKkeDYOTuISn86IIiKxPAawDY7JqUGWcyFsmoED/S3RJBrUp53VM3xg/dkrMzw==",
      "cpu": [
        "arm64"
      ],
      "dev": true,
      "license": "MIT",
      "optional": true,
      "os": [
        "win32"
      ]
    },
    "node_modules/lefthook-windows-x64": {
      "version": "1.10.9",
      "resolved": "https://registry.npmjs.org/lefthook-windows-x64/-/lefthook-windows-x64-1.10.9.tgz",
      "integrity": "sha512-OywJknU5sZiD45ZWoqWbl9GkKoOd2jrdyjuH+jSf5KQn9HnN2Cp4KuVuDOc7MdI0MIN2BYb+Mf8MgmxMWCWt5w==",
      "cpu": [
        "x64"
      ],
      "dev": true,
      "license": "MIT",
      "optional": true,
      "os": [
        "win32"
      ]
    }
  }
}
