{
  "name": "validator",
  "lockfileVersion": 3,
  "requires": true,
  "packages": {
    "": {
      "devDependencies": {
        "lefthook": "^1.6.10"
      }
    },
    "node_modules/lefthook": {
      "version": "1.6.10",
      "resolved": "https://registry.npmjs.org/lefthook/-/lefthook-1.6.10.tgz",
      "integrity": "sha512-HeVjsDCrHLe9htQHbLuQJu2YdLK6Tl5bh36fOpmXqckEXTI0BDR0Y5JYc7G5Inj4YXQsc51a9dUDZMeniSnSag==",
      "dev": true,
      "hasInstallScript": true,
      "bin": {
        "lefthook": "bin/index.js"
      },
      "optionalDependencies": {
        "lefthook-darwin-arm64": "1.6.10",
        "lefthook-darwin-x64": "1.6.10",
        "lefthook-freebsd-arm64": "1.6.10",
        "lefthook-freebsd-x64": "1.6.10",
        "lefthook-linux-arm64": "1.6.10",
        "lefthook-linux-x64": "1.6.10",
        "lefthook-windows-arm64": "1.6.10",
        "lefthook-windows-x64": "1.6.10"
      }
    },
    "node_modules/lefthook-darwin-arm64": {
      "version": "1.6.10",
      "resolved": "https://registry.npmjs.org/lefthook-darwin-arm64/-/lefthook-darwin-arm64-1.6.10.tgz",
      "integrity": "sha512-Hh11OkoKG7FEOByS1dcgNV7ETq45VmwBbw0VPTiBznyfOG4k+pi0fIdc1qbmbxvYqNE0r420QR/Q3bimaa4Kxg==",
      "cpu": [
        "arm64"
      ],
      "dev": true,
      "optional": true,
      "os": [
        "darwin"
      ]
    },
    "node_modules/lefthook-darwin-x64": {
      "version": "1.6.10",
      "resolved": "https://registry.npmjs.org/lefthook-darwin-x64/-/lefthook-darwin-x64-1.6.10.tgz",
      "integrity": "sha512-FiOB0t5OBcQ8OnG/LSdfUYj736SJdlLjWuOZ4wTlJ7EUrHditieap6VNAxwMmFVyQN0X2ZwKWytwY35y+Hflhw==",
      "cpu": [
        "x64"
      ],
      "dev": true,
      "optional": true,
      "os": [
        "darwin"
      ]
    },
    "node_modules/lefthook-freebsd-arm64": {
      "version": "1.6.10",
      "resolved": "https://registry.npmjs.org/lefthook-freebsd-arm64/-/lefthook-freebsd-arm64-1.6.10.tgz",
      "integrity": "sha512-IxGgS3RrNwk3Kr83o5SQhGxqppQi7fu2t//nsp6ocgnJeStrTtXZJOrel2VohzrFxpzQdJVXBGgUGLXtY8t8qw==",
      "cpu": [
        "arm64"
      ],
      "dev": true,
      "optional": true,
      "os": [
        "freebsd"
      ]
    },
    "node_modules/lefthook-freebsd-x64": {
      "version": "1.6.10",
      "resolved": "https://registry.npmjs.org/lefthook-freebsd-x64/-/lefthook-freebsd-x64-1.6.10.tgz",
      "integrity": "sha512-sFSe+dGLa4iBblWAhAGTP9moarcbFtFAH6aaCeyqSX51O6p9VPdGjqNtcE8aGbGAk4lO6v1ScRjk5ogMSinJwQ==",
      "cpu": [
        "x64"
      ],
      "dev": true,
      "optional": true,
      "os": [
        "freebsd"
      ]
    },
    "node_modules/lefthook-linux-arm64": {
      "version": "1.6.10",
      "resolved": "https://registry.npmjs.org/lefthook-linux-arm64/-/lefthook-linux-arm64-1.6.10.tgz",
      "integrity": "sha512-fXnKiNdRIW+FRvc1keVrvWX5EqIhVFfPjcy+PbsKdxiWRXgjtidi6LPmQ8eosH0DC9PxZ0mpdCMf40FHEZLbQA==",
      "cpu": [
        "arm64"
      ],
      "dev": true,
      "optional": true,
      "os": [
        "linux"
      ]
    },
    "node_modules/lefthook-linux-x64": {
      "version": "1.6.10",
      "resolved": "https://registry.npmjs.org/lefthook-linux-x64/-/lefthook-linux-x64-1.6.10.tgz",
      "integrity": "sha512-bm6l2GOFnmYreZxmHb47QeOiFAItttOOxvCEX1okIRD7JbUC+lGC9evW5GJv/ltjZBoTDYEtQAUa+BpHTGuY2A==",
      "cpu": [
        "x64"
      ],
      "dev": true,
      "optional": true,
      "os": [
        "linux"
      ]
    },
    "node_modules/lefthook-windows-arm64": {
      "version": "1.6.10",
      "resolved": "https://registry.npmjs.org/lefthook-windows-arm64/-/lefthook-windows-arm64-1.6.10.tgz",
      "integrity": "sha512-pFxT8KbOMzGxj6cz4glHYwQSNC7XCuy9RDqIO0AxPlpATsCpapkF4ngDxBT1iFv2VhdeweMa7RXUDsMAGQA4Qw==",
      "cpu": [
        "arm64"
      ],
      "dev": true,
      "optional": true,
      "os": [
        "win32"
      ]
    },
    "node_modules/lefthook-windows-x64": {
      "version": "1.6.10",
      "resolved": "https://registry.npmjs.org/lefthook-windows-x64/-/lefthook-windows-x64-1.6.10.tgz",
      "integrity": "sha512-fcDnUSTv95AdLvm0NIrn3jBWXuRq8SlbDDjkkB5OHLiSmjz4eOr6wyD7xceDp33zZgZmWFzHebJngxxcIaUuHw==",
      "cpu": [
        "x64"
      ],
      "dev": true,
      "optional": true,
      "os": [
        "win32"
      ]
    }
  }
}
