{
	"name": "@octocloud/validators",
	"version": "1.0.0",
	"lockfileVersion": 3,
	"requires": true,
	"packages": {
		"": {
			"name": "@octocloud/validators",
			"version": "1.0.0",
			"devDependencies": {
				"@biomejs/biome": "2.1.1",
				"lefthook": "1.10.9"
			}
		},
		"node_modules/@biomejs/biome": {
			"version": "2.1.1",
			"resolved": "https://registry.npmjs.org/@biomejs/biome/-/biome-2.1.1.tgz",
			"integrity": "sha512-HFGYkxG714KzG+8tvtXCJ1t1qXQMzgWzfvQaUjxN6UeKv+KvMEuliInnbZLJm6DXFXwqVi6446EGI0sGBLIYng==",
			"dev": true,
			"license": "MIT OR Apache-2.0",
			"bin": {
				"biome": "bin/biome"
			},
			"engines": {
				"node": ">=14.21.3"
			},
			"funding": {
				"type": "opencollective",
				"url": "https://opencollective.com/biome"
			},
			"optionalDependencies": {
				"@biomejs/cli-darwin-arm64": "2.1.1",
				"@biomejs/cli-darwin-x64": "2.1.1",
				"@biomejs/cli-linux-arm64": "2.1.1",
				"@biomejs/cli-linux-arm64-musl": "2.1.1",
				"@biomejs/cli-linux-x64": "2.1.1",
				"@biomejs/cli-linux-x64-musl": "2.1.1",
				"@biomejs/cli-win32-arm64": "2.1.1",
				"@biomejs/cli-win32-x64": "2.1.1"
			}
		},
		"node_modules/@biomejs/cli-darwin-arm64": {
			"version": "2.1.1",
			"resolved": "https://registry.npmjs.org/@biomejs/cli-darwin-arm64/-/cli-darwin-arm64-2.1.1.tgz",
			"integrity": "sha512-2Muinu5ok4tWxq4nu5l19el48cwCY/vzvI7Vjbkf3CYIQkjxZLyj0Ad37Jv2OtlXYaLvv+Sfu1hFeXt/JwRRXQ==",
			"cpu": [
				"arm64"
			],
			"dev": true,
			"license": "MIT OR Apache-2.0",
			"optional": true,
			"os": [
				"darwin"
			],
			"engines": {
				"node": ">=14.21.3"
			}
		},
		"node_modules/@biomejs/cli-darwin-x64": {
			"version": "2.1.1",
			"resolved": "https://registry.npmjs.org/@biomejs/cli-darwin-x64/-/cli-darwin-x64-2.1.1.tgz",
			"integrity": "sha512-cC8HM5lrgKQXLAK+6Iz2FrYW5A62pAAX6KAnRlEyLb+Q3+Kr6ur/sSuoIacqlp1yvmjHJqjYfZjPvHWnqxoEIA==",
			"cpu": [
				"x64"
			],
			"dev": true,
			"license": "MIT OR Apache-2.0",
			"optional": true,
			"os": [
				"darwin"
			],
			"engines": {
				"node": ">=14.21.3"
			}
		},
		"node_modules/@biomejs/cli-linux-arm64": {
			"version": "2.1.1",
			"resolved": "https://registry.npmjs.org/@biomejs/cli-linux-arm64/-/cli-linux-arm64-2.1.1.tgz",
			"integrity": "sha512-tw4BEbhAUkWPe4WBr6IX04DJo+2jz5qpPzpW/SWvqMjb9QuHY8+J0M23V8EPY/zWU4IG8Ui0XESapR1CB49Q7g==",
			"cpu": [
				"arm64"
			],
			"dev": true,
			"license": "MIT OR Apache-2.0",
			"optional": true,
			"os": [
				"linux"
			],
			"engines": {
				"node": ">=14.21.3"
			}
		},
		"node_modules/@biomejs/cli-linux-arm64-musl": {
			"version": "2.1.1",
			"resolved": "https://registry.npmjs.org/@biomejs/cli-linux-arm64-musl/-/cli-linux-arm64-musl-2.1.1.tgz",
			"integrity": "sha512-/7FBLnTswu4jgV9ttI3AMIdDGqVEPIZd8I5u2D4tfCoj8rl9dnjrEQbAIDlWhUXdyWlFSz8JypH3swU9h9P+2A==",
			"cpu": [
				"arm64"
			],
			"dev": true,
			"license": "MIT OR Apache-2.0",
			"optional": true,
			"os": [
				"linux"
			],
			"engines": {
				"node": ">=14.21.3"
			}
		},
		"node_modules/@biomejs/cli-linux-x64": {
			"version": "2.1.1",
			"resolved": "https://registry.npmjs.org/@biomejs/cli-linux-x64/-/cli-linux-x64-2.1.1.tgz",
			"integrity": "sha512-3WJ1GKjU7NzZb6RTbwLB59v9cTIlzjbiFLDB0z4376TkDqoNYilJaC37IomCr/aXwuU8QKkrYoHrgpSq5ffJ4Q==",
			"cpu": [
				"x64"
			],
			"dev": true,
			"license": "MIT OR Apache-2.0",
			"optional": true,
			"os": [
				"linux"
			],
			"engines": {
				"node": ">=14.21.3"
			}
		},
		"node_modules/@biomejs/cli-linux-x64-musl": {
			"version": "2.1.1",
			"resolved": "https://registry.npmjs.org/@biomejs/cli-linux-x64-musl/-/cli-linux-x64-musl-2.1.1.tgz",
			"integrity": "sha512-kUu+loNI3OCD2c12cUt7M5yaaSjDnGIksZwKnueubX6c/HWUyi/0mPbTBHR49Me3F0KKjWiKM+ZOjsmC+lUt9g==",
			"cpu": [
				"x64"
			],
			"dev": true,
			"license": "MIT OR Apache-2.0",
			"optional": true,
			"os": [
				"linux"
			],
			"engines": {
				"node": ">=14.21.3"
			}
		},
		"node_modules/@biomejs/cli-win32-arm64": {
			"version": "2.1.1",
			"resolved": "https://registry.npmjs.org/@biomejs/cli-win32-arm64/-/cli-win32-arm64-2.1.1.tgz",
			"integrity": "sha512-vEHK0v0oW+E6RUWLoxb2isI3rZo57OX9ZNyyGH701fZPj6Il0Rn1f5DMNyCmyflMwTnIQstEbs7n2BxYSqQx4Q==",
			"cpu": [
				"arm64"
			],
			"dev": true,
			"license": "MIT OR Apache-2.0",
			"optional": true,
			"os": [
				"win32"
			],
			"engines": {
				"node": ">=14.21.3"
			}
		},
		"node_modules/@biomejs/cli-win32-x64": {
			"version": "2.1.1",
			"resolved": "https://registry.npmjs.org/@biomejs/cli-win32-x64/-/cli-win32-x64-2.1.1.tgz",
			"integrity": "sha512-i2PKdn70kY++KEF/zkQFvQfX1e8SkA8hq4BgC+yE9dZqyLzB/XStY2MvwI3qswlRgnGpgncgqe0QYKVS1blksg==",
			"cpu": [
				"x64"
			],
			"dev": true,
			"license": "MIT OR Apache-2.0",
			"optional": true,
			"os": [
				"win32"
			],
			"engines": {
				"node": ">=14.21.3"
			}
		},
		"node_modules/lefthook": {
			"version": "1.10.9",
			"resolved": "https://registry.npmjs.org/lefthook/-/lefthook-1.10.9.tgz",
			"integrity": "sha512-UNgvdOMxINultvtDQ0XgqMomMIeI2dyJM5hgOaqpC47SJvVPOy1Mk5i7QnFtfDK/bdB2pKaA61KxrIx6rCmL/w==",
			"dev": true,
			"hasInstallScript": true,
			"license": "MIT",
			"bin": {
				"lefthook": "bin/index.js"
			},
			"optionalDependencies": {
				"lefthook-darwin-arm64": "1.10.9",
				"lefthook-darwin-x64": "1.10.9",
				"lefthook-freebsd-arm64": "1.10.9",
				"lefthook-freebsd-x64": "1.10.9",
				"lefthook-linux-arm64": "1.10.9",
				"lefthook-linux-x64": "1.10.9",
				"lefthook-openbsd-arm64": "1.10.9",
				"lefthook-openbsd-x64": "1.10.9",
				"lefthook-windows-arm64": "1.10.9",
				"lefthook-windows-x64": "1.10.9"
			}
		},
		"node_modules/lefthook-darwin-arm64": {
			"version": "1.10.9",
			"resolved": "https://registry.npmjs.org/lefthook-darwin-arm64/-/lefthook-darwin-arm64-1.10.9.tgz",
			"integrity": "sha512-2ceuIUkwTcTncaYH/Y2bw2m3kuNkd+vqaJXQuSh0DAa0TRS9HmEQEV0CtLUlTp5tLg6PPHdTHnu2AhKAjfHhyw==",
			"cpu": [
				"arm64"
			],
			"dev": true,
			"license": "MIT",
			"optional": true,
			"os": [
				"darwin"
			]
		},
		"node_modules/lefthook-darwin-x64": {
			"version": "1.10.9",
			"resolved": "https://registry.npmjs.org/lefthook-darwin-x64/-/lefthook-darwin-x64-1.10.9.tgz",
			"integrity": "sha512-eAUbFtEj5TtYsm533uvQQSJTc8SLhgGRyRCUa+hmFtKQROaiw2buqc5ZOTBuegC8iAl7cHT1ydN2oakE+FLfVg==",
			"cpu": [
				"x64"
			],
			"dev": true,
			"license": "MIT",
			"optional": true,
			"os": [
				"darwin"
			]
		},
		"node_modules/lefthook-freebsd-arm64": {
			"version": "1.10.9",
			"resolved": "https://registry.npmjs.org/lefthook-freebsd-arm64/-/lefthook-freebsd-arm64-1.10.9.tgz",
			"integrity": "sha512-A6ZFPg/9eXgs75SojFeZfMMfMgqB0fgVdtOl0mxrQXXqxTxFWD5wCGPPJIc/Pbzaaz66ZOYZt/36+MyMdgjWJQ==",
			"cpu": [
				"arm64"
			],
			"dev": true,
			"license": "MIT",
			"optional": true,
			"os": [
				"freebsd"
			]
		},
		"node_modules/lefthook-freebsd-x64": {
			"version": "1.10.9",
			"resolved": "https://registry.npmjs.org/lefthook-freebsd-x64/-/lefthook-freebsd-x64-1.10.9.tgz",
			"integrity": "sha512-PF3Jjm9JHFnY41yM9wljK0y8xE/sx/sRNtNZWJzlOqC5YFUrNNBejPz5kU40mpBWd8yOclXxqBOeeZqDH64+dQ==",
			"cpu": [
				"x64"
			],
			"dev": true,
			"license": "MIT",
			"optional": true,
			"os": [
				"freebsd"
			]
		},
		"node_modules/lefthook-linux-arm64": {
			"version": "1.10.9",
			"resolved": "https://registry.npmjs.org/lefthook-linux-arm64/-/lefthook-linux-arm64-1.10.9.tgz",
			"integrity": "sha512-Es4y3cxUtSBAF9nPkDXWC7+/tScPeRu3GVeeupv3+iMZkVACfM1DCIrK4iG9Syh7y2TLWAj6ThFArqeiRjFeog==",
			"cpu": [
				"arm64"
			],
			"dev": true,
			"license": "MIT",
			"optional": true,
			"os": [
				"linux"
			]
		},
		"node_modules/lefthook-linux-x64": {
			"version": "1.10.9",
			"resolved": "https://registry.npmjs.org/lefthook-linux-x64/-/lefthook-linux-x64-1.10.9.tgz",
			"integrity": "sha512-OSlcltu2MRrLY1bWwqm4MvNOvTskUonmzTR8Bu7dy8O+80YPjPSnowLeYzfxXd8RI1w2nkwL3XKVuoDiJ3nVUw==",
			"cpu": [
				"x64"
			],
			"dev": true,
			"license": "MIT",
			"optional": true,
			"os": [
				"linux"
			]
		},
		"node_modules/lefthook-openbsd-arm64": {
			"version": "1.10.9",
			"resolved": "https://registry.npmjs.org/lefthook-openbsd-arm64/-/lefthook-openbsd-arm64-1.10.9.tgz",
			"integrity": "sha512-wmdWGRmTK8ii4KAvAj5AhTK0EWh65vdcBt1ndsd7qXG08cStevCpsZ/cOLDVWBjjaqYkVpVsYkJNf5dwuXp21w==",
			"cpu": [
				"arm64"
			],
			"dev": true,
			"license": "MIT",
			"optional": true,
			"os": [
				"openbsd"
			]
		},
		"node_modules/lefthook-openbsd-x64": {
			"version": "1.10.9",
			"resolved": "https://registry.npmjs.org/lefthook-openbsd-x64/-/lefthook-openbsd-x64-1.10.9.tgz",
			"integrity": "sha512-LLkPdy2+TIdCOGReqsODo46SmQpBjPB00gRftA1doA6ZaPzqk87moGrOmlsaLx1SkYKxctBYZc9j9MxCo2GVCg==",
			"cpu": [
				"x64"
			],
			"dev": true,
			"license": "MIT",
			"optional": true,
			"os": [
				"openbsd"
			]
		},
		"node_modules/lefthook-windows-arm64": {
			"version": "1.10.9",
			"resolved": "https://registry.npmjs.org/lefthook-windows-arm64/-/lefthook-windows-arm64-1.10.9.tgz",
			"integrity": "sha512-Q9e3pbDjQyguXW810M1lerpcpKkeDYOTuISn86IIiKxPAawDY7JqUGWcyFsmoED/S3RJBrUp53VM3xg/dkrMzw==",
			"cpu": [
				"arm64"
			],
			"dev": true,
			"license": "MIT",
			"optional": true,
			"os": [
				"win32"
			]
		},
		"node_modules/lefthook-windows-x64": {
			"version": "1.10.9",
			"resolved": "https://registry.npmjs.org/lefthook-windows-x64/-/lefthook-windows-x64-1.10.9.tgz",
			"integrity": "sha512-OywJknU5sZiD45ZWoqWbl9GkKoOd2jrdyjuH+jSf5KQn9HnN2Cp4KuVuDOc7MdI0MIN2BYb+Mf8MgmxMWCWt5w==",
			"cpu": [
				"x64"
			],
			"dev": true,
			"license": "MIT",
			"optional": true,
			"os": [
				"win32"
			]
		}
	}
}
